{
  "name": "@chainius/vue-native-runtime",
  "version": "1.0.0",
  "lockfileVersion": 2,
  "requires": true,
  "packages": {
    "": {
      "name": "@chainius/vue-native-runtime",
      "version": "1.0.0",
      "license": "MIT",
      "dependencies": {
        "@vue/runtime-core": "^3.2.40",
        "@vue/runtime-dom": "^3.2.40"
      }
    },
    "node_modules/@vue/reactivity": {
      "version": "3.2.40",
      "resolved": "https://registry.npmjs.org/@vue/reactivity/-/reactivity-3.2.40.tgz",
      "integrity": "sha512-N9qgGLlZmtUBMHF9xDT4EkD9RdXde1Xbveb+niWMXuHVWQP5BzgRmE3SFyUBBcyayG4y1lhoz+lphGRRxxK4RA==",
      "dependencies": {
        "@vue/shared": "3.2.40"
      }
    },
    "node_modules/@vue/runtime-core": {
      "version": "3.2.40",
      "resolved": "https://registry.npmjs.org/@vue/runtime-core/-/runtime-core-3.2.40.tgz",
      "integrity": "sha512-U1+rWf0H8xK8aBUZhnrN97yoZfHbjgw/bGUzfgKPJl69/mXDuSg8CbdBYBn6VVQdR947vWneQBFzdhasyzMUKg==",
      "dependencies": {
        "@vue/reactivity": "3.2.40",
        "@vue/shared": "3.2.40"
      }
    },
    "node_modules/@vue/runtime-dom": {
      "version": "3.2.40",
      "resolved": "https://registry.npmjs.org/@vue/runtime-dom/-/runtime-dom-3.2.40.tgz",
      "integrity": "sha512-AO2HMQ+0s2+MCec8hXAhxMgWhFhOPJ/CyRXnmTJ6XIOnJFLrH5Iq3TNwvVcODGR295jy77I6dWPj+wvFoSYaww==",
      "dependencies": {
        "@vue/runtime-core": "3.2.40",
        "@vue/shared": "3.2.40",
        "csstype": "^2.6.8"
      }
    },
    "node_modules/@vue/shared": {
      "version": "3.2.40",
      "resolved": "https://registry.npmjs.org/@vue/shared/-/shared-3.2.40.tgz",
      "integrity": "sha512-0PLQ6RUtZM0vO3teRfzGi4ltLUO5aO+kLgwh4Um3THSR03rpQWLTuRCkuO5A41ITzwdWeKdPHtSARuPkoo5pCQ=="
    },
    "node_modules/csstype": {
      "version": "2.6.21",
      "resolved": "https://registry.npmjs.org/csstype/-/csstype-2.6.21.tgz",
      "integrity": "sha512-Z1PhmomIfypOpoMjRQB70jfvy/wxT50qW08YXO5lMIJkrdq4yOTR+AW7FqutScmB9NkLwxo+jU+kZLbofZZq/w=="
    }
  },
  "dependencies": {
    "@vue/reactivity": {
      "version": "3.2.40",
      "resolved": "https://registry.npmjs.org/@vue/reactivity/-/reactivity-3.2.40.tgz",
      "integrity": "sha512-N9qgGLlZmtUBMHF9xDT4EkD9RdXde1Xbveb+niWMXuHVWQP5BzgRmE3SFyUBBcyayG4y1lhoz+lphGRRxxK4RA==",
      "requires": {
        "@vue/shared": "3.2.40"
      }
    },
    "@vue/runtime-core": {
      "version": "3.2.40",
      "resolved": "https://registry.npmjs.org/@vue/runtime-core/-/runtime-core-3.2.40.tgz",
      "integrity": "sha512-U1+rWf0H8xK8aBUZhnrN97yoZfHbjgw/bGUzfgKPJl69/mXDuSg8CbdBYBn6VVQdR947vWneQBFzdhasyzMUKg==",
      "requires": {
        "@vue/reactivity": "3.2.40",
        "@vue/shared": "3.2.40"
      }
    },
    "@vue/runtime-dom": {
      "version": "3.2.40",
      "resolved": "https://registry.npmjs.org/@vue/runtime-dom/-/runtime-dom-3.2.40.tgz",
      "integrity": "sha512-AO2HMQ+0s2+MCec8hXAhxMgWhFhOPJ/CyRXnmTJ6XIOnJFLrH5Iq3TNwvVcODGR295jy77I6dWPj+wvFoSYaww==",
      "requires": {
        "@vue/runtime-core": "3.2.40",
        "@vue/shared": "3.2.40",
        "csstype": "^2.6.8"
      }
    },
    "@vue/shared": {
      "version": "3.2.40",
      "resolved": "https://registry.npmjs.org/@vue/shared/-/shared-3.2.40.tgz",
      "integrity": "sha512-0PLQ6RUtZM0vO3teRfzGi4ltLUO5aO+kLgwh4Um3THSR03rpQWLTuRCkuO5A41ITzwdWeKdPHtSARuPkoo5pCQ=="
    },
    "csstype": {
      "version": "2.6.21",
      "resolved": "https://registry.npmjs.org/csstype/-/csstype-2.6.21.tgz",
      "integrity": "sha512-Z1PhmomIfypOpoMjRQB70jfvy/wxT50qW08YXO5lMIJkrdq4yOTR+AW7FqutScmB9NkLwxo+jU+kZLbofZZq/w=="
    }
  }
}
